github.com/alexkappa/mustache v1.0.0 h1:GeF7AKKpKKVq8emIwYRQPsKPDWSGYQGWWSsddge62M4=
github.com/alexkappa/mustache v1.0.0/go.mod h1:6v0WNoCZEQ8K5OZAv82ScIARg2bDqFD+Jl0LWxnApas=
github.com/google/go-cmp v0.5.5 h1:Khx7svrCpmxxtHBq5j2mp/xVjsi8hQMfNLvJFAlrGgU=
github.com/google/go-cmp v0.5.5/go.mod h1:v8dTdLbMG2kIc/vJvl+f65V22dbkXbowE6jgT/gNBxE=
github.com/google/uuid v1.6.0 h1:NIvaJDMOsjHA8n1jAhLSgzrAzy1Hgr+hNrb57e+94F0=
github.com/google/uuid v1.6.0/go.mod h1:TIyPZe4MgqvfeYDBFedMoGGpEw/LqOeaOT+nhxU+yHo=
github.com/klauspost/compress v1.18.0 h1:c/Cqfb0r+Yi+JtIEq73FWXVkRonBlf0CRNYc8Zttxdo=
github.com/klauspost/compress v1.18.0/go.mod h1:2Pp+KzxcywXVXMr50+X0Q/Lsb43OQHYWRCY2AiWywWQ=
github.com/lftk/anki v0.0.0-20250828130315-3f30f00eb778 h1:xChJQH2zDVR9bWjrX7tWZtaYbdIagPJlArPOQCWQ76c=
github.com/lftk/anki v0.0.0-20250828130315-3f30f00eb778/go.mod h1:Dhc5twY3NyWI6fh1Tctoa5IdEDA6Smj2CSjIxxcCQbU=
github.com/mattn/go-sqlite3 v1.14.28 h1:ThEiQrnbtumT+QMknw63Befp/ce/nUPgBPMlRFEum7A=
github.com/mattn/go-sqlite3 v1.14.28/go.mod h1:Uh1q+B4BYcTPb+yiD3kU8Ct7aC0hY9fxUwlHK0RXw+Y=
golang.org/x/xerrors v0.0.0-20191204190536-9bdfabe68543 h1:E7g+9GITq07hpfrRu66IVDexMakfv52eLZ2CXBWiKr4=
golang.org/x/xerrors v0.0.0-20191204190536-9bdfabe68543/go.mod h1:I/5z698sn9Ka8TeJc9MKroUUfqBBauWjQqLJ2OPfmY0=
google.golang.org/protobuf v1.36.6 h1:z1NpPI8ku2WgiWnf+t9wTPsn6eP1L7ksHUlkfLvd9xY=
google.golang.org/protobuf v1.36.6/go.mod h1:jduwjTPXsFjZGTmRluh+L6NjiWu7pchiJ2/5YcXBHnY=
